// !$*UTF8*$!
{
	archiveVersion = 1;
	classes = {
	};
	objectVersion = 50;
	objects = {

/* Begin PBXBuildFile section */
		1B28852E22301DF8005BC335 /* timeDB.sqlite in Resources */ = {isa = PBXBuildFile; fileRef = 1B28852D22301DF8005BC335 /* timeDB.sqlite */; };
		1B7C535C22200A9B00BA24A9 /* AppDelegate.swift in Sources */ = {isa = PBXBuildFile; fileRef = 1B7C535B22200A9B00BA24A9 /* AppDelegate.swift */; };
		1B7C536122200A9B00BA24A9 /* Main.storyboard in Resources */ = {isa = PBXBuildFile; fileRef = 1B7C535F22200A9B00BA24A9 /* Main.storyboard */; };
		1B7C536322200A9E00BA24A9 /* Assets.xcassets in Resources */ = {isa = PBXBuildFile; fileRef = 1B7C536222200A9E00BA24A9 /* Assets.xcassets */; };
		1B7C536622200A9E00BA24A9 /* LaunchScreen.storyboard in Resources */ = {isa = PBXBuildFile; fileRef = 1B7C536422200A9E00BA24A9 /* LaunchScreen.storyboard */; };
		1B7C536E22200AEE00BA24A9 /* DBAccess.swift in Sources */ = {isa = PBXBuildFile; fileRef = 1B7C536D22200AEE00BA24A9 /* DBAccess.swift */; };
		1B7C537022200DD600BA24A9 /* AddCategoryVC.swift in Sources */ = {isa = PBXBuildFile; fileRef = 1B7C536F22200DD600BA24A9 /* AddCategoryVC.swift */; };
		1B7C537222200DED00BA24A9 /* CategoryVC.swift in Sources */ = {isa = PBXBuildFile; fileRef = 1B7C537122200DED00BA24A9 /* CategoryVC.swift */; };
		D3EEC262226CF01A00AA0428 /* SpecifiedTimeRecordsVC.swift in Sources */ = {isa = PBXBuildFile; fileRef = D3EEC261226CF01A00AA0428 /* SpecifiedTimeRecordsVC.swift */; };
		D3EEC264226CF03C00AA0428 /* WeekRecordsVC.swift in Sources */ = {isa = PBXBuildFile; fileRef = D3EEC263226CF03C00AA0428 /* WeekRecordsVC.swift */; };
		D3EEC266226CF04F00AA0428 /* MonthRecordsVC.swift in Sources */ = {isa = PBXBuildFile; fileRef = D3EEC265226CF04F00AA0428 /* MonthRecordsVC.swift */; };
		D3F58945224AFAC4005B7A60 /* AddHours.swift in Sources */ = {isa = PBXBuildFile; fileRef = D3F58944224AFAC4005B7A60 /* AddHours.swift */; };
/* End PBXBuildFile section */

/* Begin PBXFileReference section */
		1B28852D22301DF8005BC335 /* timeDB.sqlite */ = {isa = PBXFileReference; lastKnownFileType = file; path = timeDB.sqlite; sourceTree = "<group>"; };
		1B7C535822200A9B00BA24A9 /* SimpleDB.app */ = {isa = PBXFileReference; explicitFileType = wrapper.application; includeInIndex = 0; path = SimpleDB.app; sourceTree = BUILT_PRODUCTS_DIR; };
		1B7C535B22200A9B00BA24A9 /* AppDelegate.swift */ = {isa = PBXFileReference; lastKnownFileType = sourcecode.swift; path = AppDelegate.swift; sourceTree = "<group>"; };
		1B7C536022200A9B00BA24A9 /* Base */ = {isa = PBXFileReference; lastKnownFileType = file.storyboard; name = Base; path = Base.lproj/Main.storyboard; sourceTree = "<group>"; };
		1B7C536222200A9E00BA24A9 /* Assets.xcassets */ = {isa = PBXFileReference; lastKnownFileType = folder.assetcatalog; path = Assets.xcassets; sourceTree = "<group>"; };
		1B7C536522200A9E00BA24A9 /* Base */ = {isa = PBXFileReference; lastKnownFileType = file.storyboard; name = Base; path = Base.lproj/LaunchScreen.storyboard; sourceTree = "<group>"; };
		1B7C536722200A9E00BA24A9 /* Info.plist */ = {isa = PBXFileReference; lastKnownFileType = text.plist.xml; path = Info.plist; sourceTree = "<group>"; };
		1B7C536D22200AEE00BA24A9 /* DBAccess.swift */ = {isa = PBXFileReference; fileEncoding = 4; lastKnownFileType = sourcecode.swift; path = DBAccess.swift; sourceTree = "<group>"; };
		1B7C536F22200DD600BA24A9 /* AddCategoryVC.swift */ = {isa = PBXFileReference; lastKnownFileType = sourcecode.swift; path = AddCategoryVC.swift; sourceTree = "<group>"; };
		1B7C537122200DED00BA24A9 /* CategoryVC.swift */ = {isa = PBXFileReference; lastKnownFileType = sourcecode.swift; path = CategoryVC.swift; sourceTree = "<group>"; };
		D3EEC261226CF01A00AA0428 /* SpecifiedTimeRecordsVC.swift */ = {isa = PBXFileReference; lastKnownFileType = sourcecode.swift; path = SpecifiedTimeRecordsVC.swift; sourceTree = "<group>"; };
		D3EEC263226CF03C00AA0428 /* WeekRecordsVC.swift */ = {isa = PBXFileReference; lastKnownFileType = sourcecode.swift; path = WeekRecordsVC.swift; sourceTree = "<group>"; };
		D3EEC265226CF04F00AA0428 /* MonthRecordsVC.swift */ = {isa = PBXFileReference; lastKnownFileType = sourcecode.swift; path = MonthRecordsVC.swift; sourceTree = "<group>"; };
		D3F58944224AFAC4005B7A60 /* AddHours.swift */ = {isa = PBXFileReference; lastKnownFileType = sourcecode.swift; path = AddHours.swift; sourceTree = "<group>"; };
/* End PBXFileReference section */

/* Begin PBXFrameworksBuildPhase section */
		1B7C535522200A9B00BA24A9 /* Frameworks */ = {
			isa = PBXFrameworksBuildPhase;
			buildActionMask = 2147483647;
			files = (
			);
			runOnlyForDeploymentPostprocessing = 0;
		};
/* End PBXFrameworksBuildPhase section */

/* Begin PBXGroup section */
		1B7C534F22200A9B00BA24A9 = {
			isa = PBXGroup;
			children = (
				1B7C535A22200A9B00BA24A9 /* SimpleDB */,
				1B7C535922200A9B00BA24A9 /* Products */,
			);
			sourceTree = "<group>";
		};
		1B7C535922200A9B00BA24A9 /* Products */ = {
			isa = PBXGroup;
			children = (
				1B7C535822200A9B00BA24A9 /* SimpleDB.app */,
			);
			name = Products;
			sourceTree = "<group>";
		};
		1B7C535A22200A9B00BA24A9 /* SimpleDB */ = {
			isa = PBXGroup;
			children = (
				1B7C535B22200A9B00BA24A9 /* AppDelegate.swift */,
				D3F58944224AFAC4005B7A60 /* AddHours.swift */,
				1B7C537122200DED00BA24A9 /* CategoryVC.swift */,
				1B7C536F22200DD600BA24A9 /* AddCategoryVC.swift */,
				1B7C536D22200AEE00BA24A9 /* DBAccess.swift */,
				D3EEC263226CF03C00AA0428 /* WeekRecordsVC.swift */,
				D3EEC265226CF04F00AA0428 /* MonthRecordsVC.swift */,
				D3EEC261226CF01A00AA0428 /* SpecifiedTimeRecordsVC.swift */,
				1B7C535F22200A9B00BA24A9 /* Main.storyboard */,
				1B28852D22301DF8005BC335 /* timeDB.sqlite */,
				1B7C536222200A9E00BA24A9 /* Assets.xcassets */,
				1B7C536422200A9E00BA24A9 /* LaunchScreen.storyboard */,
				1B7C536722200A9E00BA24A9 /* Info.plist */,
			);
			path = SimpleDB;
			sourceTree = "<group>";
		};
/* End PBXGroup section */

/* Begin PBXNativeTarget section */
		1B7C535722200A9B00BA24A9 /* SimpleDB */ = {
			isa = PBXNativeTarget;
			buildConfigurationList = 1B7C536A22200A9E00BA24A9 /* Build configuration list for PBXNativeTarget "SimpleDB" */;
			buildPhases = (
				1B7C535422200A9B00BA24A9 /* Sources */,
				1B7C535522200A9B00BA24A9 /* Frameworks */,
				1B7C535622200A9B00BA24A9 /* Resources */,
			);
			buildRules = (
			);
			dependencies = (
			);
			name = SimpleDB;
			productName = SimpleDB;
			productReference = 1B7C535822200A9B00BA24A9 /* SimpleDB.app */;
			productType = "com.apple.product-type.application";
		};
/* End PBXNativeTarget section */

/* Begin PBXProject section */
		1B7C535022200A9B00BA24A9 /* Project object */ = {
			isa = PBXProject;
			attributes = {
				LastSwiftUpdateCheck = 1010;
				LastUpgradeCheck = 1010;
				ORGANIZATIONNAME = "Chris Price";
				TargetAttributes = {
					1B7C535722200A9B00BA24A9 = {
						CreatedOnToolsVersion = 10.1;
					};
				};
			};
			buildConfigurationList = 1B7C535322200A9B00BA24A9 /* Build configuration list for PBXProject "SimpleDB" */;
			compatibilityVersion = "Xcode 9.3";
			developmentRegion = en;
			hasScannedForEncodings = 0;
			knownRegions = (
				en,
				Base,
			);
			mainGroup = 1B7C534F22200A9B00BA24A9;
			productRefGroup = 1B7C535922200A9B00BA24A9 /* Products */;
			projectDirPath = "";
			projectRoot = "";
			targets = (
				1B7C535722200A9B00BA24A9 /* SimpleDB */,
			);
		};
/* End PBXProject section */

/* Begin PBXResourcesBuildPhase section */
		1B7C535622200A9B00BA24A9 /* Resources */ = {
			isa = PBXResourcesBuildPhase;
			buildActionMask = 2147483647;
			files = (
				1B7C536622200A9E00BA24A9 /* LaunchScreen.storyboard in Resources */,
				1B7C536322200A9E00BA24A9 /* Assets.xcassets in Resources */,
				1B28852E22301DF8005BC335 /* timeDB.sqlite in Resources */,
				1B7C536122200A9B00BA24A9 /* Main.storyboard in Resources */,
			);
			runOnlyForDeploymentPostprocessing = 0;
		};
/* End PBXResourcesBuildPhase section */

/* Begin PBXSourcesBuildPhase section */
		1B7C535422200A9B00BA24A9 /* Sources */ = {
			isa = PBXSourcesBuildPhase;
			buildActionMask = 2147483647;
			files = (
				D3EEC266226CF04F00AA0428 /* MonthRecordsVC.swift in Sources */,
				1B7C535C22200A9B00BA24A9 /* AppDelegate.swift in Sources */,
				1B7C537222200DED00BA24A9 /* CategoryVC.swift in Sources */,
				D3F58945224AFAC4005B7A60 /* AddHours.swift in Sources */,
				D3EEC264226CF03C00AA0428 /* WeekRecordsVC.swift in Sources */,
				1B7C537022200DD600BA24A9 /* AddCategoryVC.swift in Sources */,
				D3EEC262226CF01A00AA0428 /* SpecifiedTimeRecordsVC.swift in Sources */,
				1B7C536E22200AEE00BA24A9 /* DBAccess.swift in Sources */,
			);
			runOnlyForDeploymentPostprocessing = 0;
		};
/* End PBXSourcesBuildPhase section */

/* Begin PBXVariantGroup section */
		1B7C535F22200A9B00BA24A9 /* Main.storyboard */ = {
			isa = PBXVariantGroup;
			children = (
				1B7C536022200A9B00BA24A9 /* Base */,
			);
			name = Main.storyboard;
			sourceTree = "<group>";
		};
		1B7C536422200A9E00BA24A9 /* LaunchScreen.storyboard */ = {
			isa = PBXVariantGroup;
			children = (
				1B7C536522200A9E00BA24A9 /* Base */,
			);
			name = LaunchScreen.storyboard;
			sourceTree = "<group>";
		};
/* End PBXVariantGroup section */

/* Begin XCBuildConfiguration section */
		1B7C536822200A9E00BA24A9 /* Debug */ = {
			isa = XCBuildConfiguration;
			buildSettings = {
				ALWAYS_SEARCH_USER_PATHS = NO;
				CLANG_ANALYZER_NONNULL = YES;
				CLANG_ANALYZER_NUMBER_OBJECT_CONVERSION = YES_AGGRESSIVE;
				CLANG_CXX_LANGUAGE_STANDARD = "gnu++14";
				CLANG_CXX_LIBRARY = "libc++";
				CLANG_ENABLE_MODULES = YES;
				CLANG_ENABLE_OBJC_ARC = YES;
				CLANG_ENABLE_OBJC_WEAK = YES;
				CLANG_WARN_BLOCK_CAPTURE_AUTORELEASING = YES;
				CLANG_WARN_BOOL_CONVERSION = YES;
				CLANG_WARN_COMMA = YES;
				CLANG_WARN_CONSTANT_CONVERSION = YES;
				CLANG_WARN_DEPRECATED_OBJC_IMPLEMENTATIONS = YES;
				CLANG_WARN_DIRECT_OBJC_ISA_USAGE = YES_ERROR;
				CLANG_WARN_DOCUMENTATION_COMMENTS = YES;
				CLANG_WARN_EMPTY_BODY = YES;
				CLANG_WARN_ENUM_CONVERSION = YES;
				CLANG_WARN_INFINITE_RECURSION = YES;
				CLANG_WARN_INT_CONVERSION = YES;
				CLANG_WARN_NON_LITERAL_NULL_CONVERSION = YES;
				CLANG_WARN_OBJC_IMPLICIT_RETAIN_SELF = YES;
				CLANG_WARN_OBJC_LITERAL_CONVERSION = YES;
				CLANG_WARN_OBJC_ROOT_CLASS = YES_ERROR;
				CLANG_WARN_RANGE_LOOP_ANALYSIS = YES;
				CLANG_WARN_STRICT_PROTOTYPES = YES;
				CLANG_WARN_SUSPICIOUS_MOVE = YES;
				CLANG_WARN_UNGUARDED_AVAILABILITY = YES_AGGRESSIVE;
				CLANG_WARN_UNREACHABLE_CODE = YES;
				CLANG_WARN__DUPLICATE_METHOD_MATCH = YES;
				CODE_SIGN_IDENTITY = "iPhone Developer";
				COPY_PHASE_STRIP = NO;
				DEBUG_INFORMATION_FORMAT = dwarf;
				ENABLE_STRICT_OBJC_MSGSEND = YES;
				ENABLE_TESTABILITY = YES;
				GCC_C_LANGUAGE_STANDARD = gnu11;
				GCC_DYNAMIC_NO_PIC = NO;
				GCC_NO_COMMON_BLOCKS = YES;
				GCC_OPTIMIZATION_LEVEL = 0;
				GCC_PREPROCESSOR_DEFINITIONS = (
					"DEBUG=1",
					"$(inherited)",
				);
				GCC_WARN_64_TO_32_BIT_CONVERSION = YES;
				GCC_WARN_ABOUT_RETURN_TYPE = YES_ERROR;
				GCC_WARN_UNDECLARED_SELECTOR = YES;
				GCC_WARN_UNINITIALIZED_AUTOS = YES_AGGRESSIVE;
				GCC_WARN_UNUSED_FUNCTION = YES;
				GCC_WARN_UNUSED_VARIABLE = YES;
				IPHONEOS_DEPLOYMENT_TARGET = 12.1;
				MTL_ENABLE_DEBUG_INFO = INCLUDE_SOURCE;
				MTL_FAST_MATH = YES;
				ONLY_ACTIVE_ARCH = YES;
				SDKROOT = iphoneos;
				SWIFT_ACTIVE_COMPILATION_CONDITIONS = DEBUG;
				SWIFT_OPTIMIZATION_LEVEL = "-Onone";
			};
			name = Debug;
		};
		1B7C536922200A9E00BA24A9 /* Release */ = {
			isa = XCBuildConfiguration;
			buildSettings = {
				ALWAYS_SEARCH_USER_PATHS = NO;
				CLANG_ANALYZER_NONNULL = YES;
				CLANG_ANALYZER_NUMBER_OBJECT_CONVERSION = YES_AGGRESSIVE;
				CLANG_CXX_LANGUAGE_STANDARD = "gnu++14";
				CLANG_CXX_LIBRARY = "libc++";
				CLANG_ENABLE_MODULES = YES;
				CLANG_ENABLE_OBJC_ARC = YES;
				CLANG_ENABLE_OBJC_WEAK = YES;
				CLANG_WARN_BLOCK_CAPTURE_AUTORELEASING = YES;
				CLANG_WARN_BOOL_CONVERSION = YES;
				CLANG_WARN_COMMA = YES;
				CLANG_WARN_CONSTANT_CONVERSION = YES;
				CLANG_WARN_DEPRECATED_OBJC_IMPLEMENTATIONS = YES;
				CLANG_WARN_DIRECT_OBJC_ISA_USAGE = YES_ERROR;
				CLANG_WARN_DOCUMENTATION_COMMENTS = YES;
				CLANG_WARN_EMPTY_BODY = YES;
				CLANG_WARN_ENUM_CONVERSION = YES;
				CLANG_WARN_INFINITE_RECURSION = YES;
				CLANG_WARN_INT_CONVERSION = YES;
				CLANG_WARN_NON_LITERAL_NULL_CONVERSION = YES;
				CLANG_WARN_OBJC_IMPLICIT_RETAIN_SELF = YES;
				CLANG_WARN_OBJC_LITERAL_CONVERSION = YES;
				CLANG_WARN_OBJC_ROOT_CLASS = YES_ERROR;
				CLANG_WARN_RANGE_LOOP_ANALYSIS = YES;
				CLANG_WARN_STRICT_PROTOTYPES = YES;
				CLANG_WARN_SUSPICIOUS_MOVE = YES;
				CLANG_WARN_UNGUARDED_AVAILABILITY = YES_AGGRESSIVE;
				CLANG_WARN_UNREACHABLE_CODE = YES;
				CLANG_WARN__DUPLICATE_METHOD_MATCH = YES;
				CODE_SIGN_IDENTITY = "iPhone Developer";
				COPY_PHASE_STRIP = NO;
				DEBUG_INFORMATION_FORMAT = "dwarf-with-dsym";
				ENABLE_NS_ASSERTIONS = NO;
				ENABLE_STRICT_OBJC_MSGSEND = YES;
				GCC_C_LANGUAGE_STANDARD = gnu11;
				GCC_NO_COMMON_BLOCKS = YES;
				GCC_WARN_64_TO_32_BIT_CONVERSION = YES;
				GCC_WARN_ABOUT_RETURN_TYPE = YES_ERROR;
				GCC_WARN_UNDECLARED_SELECTOR = YES;
				GCC_WARN_UNINITIALIZED_AUTOS = YES_AGGRESSIVE;
				GCC_WARN_UNUSED_FUNCTION = YES;
				GCC_WARN_UNUSED_VARIABLE = YES;
				IPHONEOS_DEPLOYMENT_TARGET = 12.1;
				MTL_ENABLE_DEBUG_INFO = NO;
				MTL_FAST_MATH = YES;
				SDKROOT = iphoneos;
				SWIFT_COMPILATION_MODE = wholemodule;
				SWIFT_OPTIMIZATION_LEVEL = "-O";
				VALIDATE_PRODUCT = YES;
			};
			name = Release;
		};
		1B7C536B22200A9E00BA24A9 /* Debug */ = {
			isa = XCBuildConfiguration;
			buildSettings = {
				ASSETCATALOG_COMPILER_APPICON_NAME = AppIcon;
				CODE_SIGN_STYLE = Automatic;
				DEVELOPMENT_TEAM = L8TCRKBYD9;
				INFOPLIST_FILE = SimpleDB/Info.plist;
				LD_RUNPATH_SEARCH_PATHS = (
					"$(inherited)",
					"@executable_path/Frameworks",
				);
				PRODUCT_BUNDLE_IDENTIFIER = cjp.com.SimpleDB;
				PRODUCT_NAME = "$(TARGET_NAME)";
				SWIFT_VERSION = 4.2;
				TARGETED_DEVICE_FAMILY = "1,2";
			};
			name = Debug;
		};
		1B7C536C22200A9E00BA24A9 /* Release */ = {
			isa = XCBuildConfiguration;
			buildSettings = {
				ASSETCATALOG_COMPILER_APPICON_NAME = AppIcon;
				CODE_SIGN_STYLE = Automatic;
				DEVELOPMENT_TEAM = L8TCRKBYD9;
				INFOPLIST_FILE = SimpleDB/Info.plist;
				LD_RUNPATH_SEARCH_PATHS = (
					"$(inherited)",
					"@executable_path/Frameworks",
				);
				PRODUCT_BUNDLE_IDENTIFIER = cjp.com.SimpleDB;
				PRODUCT_NAME = "$(TARGET_NAME)";
				SWIFT_VERSION = 4.2;
				TARGETED_DEVICE_FAMILY = "1,2";
			};
			name = Release;
		};
/* End XCBuildConfiguration section */

/* Begin XCConfigurationList section */
		1B7C535322200A9B00BA24A9 /* Build configuration list for PBXProject "SimpleDB" */ = {
			isa = XCConfigurationList;
			buildConfigurations = (
				1B7C536822200A9E00BA24A9 /* Debug */,
				1B7C536922200A9E00BA24A9 /* Release */,
			);
			defaultConfigurationIsVisible = 0;
			defaultConfigurationName = Release;
		};
		1B7C536A22200A9E00BA24A9 /* Build configuration list for PBXNativeTarget "SimpleDB" */ = {
			isa = XCConfigurationList;
			buildConfigurations = (
				1B7C536B22200A9E00BA24A9 /* Debug */,
				1B7C536C22200A9E00BA24A9 /* Release */,
			);
			defaultConfigurationIsVisible = 0;
			defaultConfigurationName = Release;
		};
/* End XCConfigurationList section */
	};
	rootObject = 1B7C535022200A9B00BA24A9 /* Project object */;
}
